Microsoft Visual Studio Solution File, Format Version 11.00
# Visual Studio 2008

Project("{2DF3D84F-CEB1-C944-B249-C18C6209CF38}") = "ProjectSolace", "Assembly-CSharp.csproj", "{8C1E08B7-5E50-93CB-B609-032194072A6B}"
EndProject
Global
	GlobalSection(SolutionConfigurationPlatforms) = preSolution
		Debug|Any CPU = Debug|Any CPU
		Release|Any CPU = Release|Any CPU
	EndGlobalSection
	GlobalSection(ProjectConfigurationPlatforms) = postSolution
		{8C1E08B7-5E50-93CB-B609-032194072A6B}.Debug|Any CPU.ActiveCfg = Debug|Any CPU
		{8C1E08B7-5E50-93CB-B609-032194072A6B}.Debug|Any CPU.Build.0 = Debug|Any CPU
		{8C1E08B7-5E50-93CB-B609-032194072A6B}.Release|Any CPU.ActiveCfg = Release|Any CPU
		{8C1E08B7-5E50-93CB-B609-032194072A6B}.Release|Any CPU.Build.0 = Release|Any CPU
	EndGlobalSection
	GlobalSection(SolutionProperties) = preSolution
		HideSolutionNode = FALSE
	EndGlobalSection
	GlobalSection(MonoDevelopProperties) = preSolution
		StartupItem = Assembly-CSharp.csproj
	EndGlobalSection
EndGlobal
